
Microsoft Visual Studio Solution File, Format Version 12.00
# Visual Studio Version 17
VisualStudioVersion = 17.14.36301.6
MinimumVisualStudioVersion = 10.0.40219.1
Project("{2150E333-8FDC-42A3-9474-1A3956D46DE8}") = "src", "src", "{02EA681E-C7D8-13C7-8484-4AC65E1B71E8}"
EndProject
Project("{2150E333-8FDC-42A3-9474-1A3956D46DE8}") = "services", "services", "{7249F002-0878-4C2C-8206-197749E35DCA}"
EndProject
Project("{2150E333-8FDC-42A3-9474-1A3956D46DE8}") = "catalog", "catalog", "{2D4F47A0-61FA-40CF-8BA0-4ABD97C02C68}"
EndProject
Project("{FAE04EC0-301F-11D3-BF4B-00C04F79EFBC}") = "NewMicroservice.Catalog.Api", "src\services\catalog\NewMicroservice.Catalog.Api\NewMicroservice.Catalog.Api.csproj", "{C9FD4741-06A2-4894-B975-C876A33407BA}"
EndProject
Project("{E53339B2-1760-4266-BCC7-CA923CBCF16C}") = "docker-compose", "docker-compose.dcproj", "{81DDED9D-158B-E303-5F62-77A2896D2A5A}"
EndProject
Project("{2150E333-8FDC-42A3-9474-1A3956D46DE8}") = "shared", "shared", "{23F6A490-61CE-48DB-A152-018BF50AC8FB}"
EndProject
Project("{FAE04EC0-301F-11D3-BF4B-00C04F79EFBC}") = "NewMicroservice.Shared", "src\services\shared\NewMicroservice.Shared\NewMicroservice.Shared.csproj", "{A1FCB6A7-B442-4F2E-B26A-9D3A1AF60716}"
EndProject
Project("{2150E333-8FDC-42A3-9474-1A3956D46DE8}") = "basket", "basket", "{55B84031-15E0-46DB-A78C-EAD0211383AB}"
EndProject
Project("{FAE04EC0-301F-11D3-BF4B-00C04F79EFBC}") = "NewMicroservice.Basket.Api", "src\services\basket\NewMicroservice.Basket.Api\NewMicroservice.Basket.Api.csproj", "{6218ECF1-CA46-4116-BA41-FE236011FE7C}"
EndProject
Project("{2150E333-8FDC-42A3-9474-1A3956D46DE8}") = "discount", "discount", "{C23A274C-8B73-415E-825E-91DEA815672D}"
EndProject
Project("{FAE04EC0-301F-11D3-BF4B-00C04F79EFBC}") = "NewMicroservice.Discount.Api", "src\services\discount\NewMicroservice.Discount.Api\NewMicroservice.Discount.Api.csproj", "{EC50FAD7-A3F6-4A6F-89D9-2F344EDCB0A6}"
EndProject
Global
	GlobalSection(SolutionConfigurationPlatforms) = preSolution
		Debug|Any CPU = Debug|Any CPU
		Release|Any CPU = Release|Any CPU
	EndGlobalSection
	GlobalSection(ProjectConfigurationPlatforms) = postSolution
		{C9FD4741-06A2-4894-B975-C876A33407BA}.Debug|Any CPU.ActiveCfg = Debug|Any CPU
		{C9FD4741-06A2-4894-B975-C876A33407BA}.Debug|Any CPU.Build.0 = Debug|Any CPU
		{C9FD4741-06A2-4894-B975-C876A33407BA}.Release|Any CPU.ActiveCfg = Release|Any CPU
		{C9FD4741-06A2-4894-B975-C876A33407BA}.Release|Any CPU.Build.0 = Release|Any CPU
		{81DDED9D-158B-E303-5F62-77A2896D2A5A}.Debug|Any CPU.ActiveCfg = Debug|Any CPU
		{81DDED9D-158B-E303-5F62-77A2896D2A5A}.Debug|Any CPU.Build.0 = Debug|Any CPU
		{81DDED9D-158B-E303-5F62-77A2896D2A5A}.Release|Any CPU.ActiveCfg = Release|Any CPU
		{81DDED9D-158B-E303-5F62-77A2896D2A5A}.Release|Any CPU.Build.0 = Release|Any CPU
		{A1FCB6A7-B442-4F2E-B26A-9D3A1AF60716}.Debug|Any CPU.ActiveCfg = Debug|Any CPU
		{A1FCB6A7-B442-4F2E-B26A-9D3A1AF60716}.Debug|Any CPU.Build.0 = Debug|Any CPU
		{A1FCB6A7-B442-4F2E-B26A-9D3A1AF60716}.Release|Any CPU.ActiveCfg = Release|Any CPU
		{A1FCB6A7-B442-4F2E-B26A-9D3A1AF60716}.Release|Any CPU.Build.0 = Release|Any CPU
		{6218ECF1-CA46-4116-BA41-FE236011FE7C}.Debug|Any CPU.ActiveCfg = Debug|Any CPU
		{6218ECF1-CA46-4116-BA41-FE236011FE7C}.Debug|Any CPU.Build.0 = Debug|Any CPU
		{6218ECF1-CA46-4116-BA41-FE236011FE7C}.Release|Any CPU.ActiveCfg = Release|Any CPU
		{6218ECF1-CA46-4116-BA41-FE236011FE7C}.Release|Any CPU.Build.0 = Release|Any CPU
		{EC50FAD7-A3F6-4A6F-89D9-2F344EDCB0A6}.Debug|Any CPU.ActiveCfg = Debug|Any CPU
		{EC50FAD7-A3F6-4A6F-89D9-2F344EDCB0A6}.Debug|Any CPU.Build.0 = Debug|Any CPU
		{EC50FAD7-A3F6-4A6F-89D9-2F344EDCB0A6}.Release|Any CPU.ActiveCfg = Release|Any CPU
		{EC50FAD7-A3F6-4A6F-89D9-2F344EDCB0A6}.Release|Any CPU.Build.0 = Release|Any CPU
	EndGlobalSection
	GlobalSection(SolutionProperties) = preSolution
		HideSolutionNode = FALSE
	EndGlobalSection
	GlobalSection(NestedProjects) = preSolution
		{7249F002-0878-4C2C-8206-197749E35DCA} = {02EA681E-C7D8-13C7-8484-4AC65E1B71E8}
		{2D4F47A0-61FA-40CF-8BA0-4ABD97C02C68} = {7249F002-0878-4C2C-8206-197749E35DCA}
		{C9FD4741-06A2-4894-B975-C876A33407BA} = {2D4F47A0-61FA-40CF-8BA0-4ABD97C02C68}
		{23F6A490-61CE-48DB-A152-018BF50AC8FB} = {7249F002-0878-4C2C-8206-197749E35DCA}
		{A1FCB6A7-B442-4F2E-B26A-9D3A1AF60716} = {23F6A490-61CE-48DB-A152-018BF50AC8FB}
		{55B84031-15E0-46DB-A78C-EAD0211383AB} = {7249F002-0878-4C2C-8206-197749E35DCA}
		{6218ECF1-CA46-4116-BA41-FE236011FE7C} = {55B84031-15E0-46DB-A78C-EAD0211383AB}
		{C23A274C-8B73-415E-825E-91DEA815672D} = {7249F002-0878-4C2C-8206-197749E35DCA}
		{EC50FAD7-A3F6-4A6F-89D9-2F344EDCB0A6} = {C23A274C-8B73-415E-825E-91DEA815672D}
	EndGlobalSection
	GlobalSection(ExtensibilityGlobals) = postSolution
		SolutionGuid = {EB0FA828-6673-4701-B7F9-2A347B4F5EC9}
	EndGlobalSection
EndGlobal
